PODS:
  - ReactorKit (3.2.0):
    - RxSwift (~> 6.0)
    - WeakMapTable (~> 1.1)
  - RxCocoa (6.5.0):
    - RxRelay (= 6.5.0)
    - RxSwift (= 6.5.0)
  - RxRelay (6.5.0):
    - RxSwift (= 6.5.0)
  - RxSwift (6.5.0)
  - RxViewController (2.0.0):
    - RxCocoa (~> 6.0)
    - RxSwift (~> 6.0)
  - SnapKit (5.0.1)
  - WeakMapTable (1.2.0)

DEPENDENCIES:
  - ReactorKit
  - RxCocoa
  - RxViewController
  - SnapKit

SPEC REPOS:
  trunk:
    - ReactorKit
    - RxCocoa
    - RxRelay
    - RxSwift
    - RxViewController
    - SnapKit
    - WeakMapTable

SPEC CHECKSUMS:
  ReactorKit: e8b11d6b9c415405f381669b095c154a05b59eca
  RxCocoa: 94f817b71c07517321eb4f9ad299112ca8af743b
  RxRelay: 1de1523e604c72b6c68feadedd1af3b1b4d0ecbd
  RxSwift: 5710a9e6b17f3c3d6e40d6e559b9fa1e813b2ef8
  RxViewController: 56486fa0afd629a1d6b5ba077f3b8cd9dc31b5d2
  SnapKit: 97b92857e3df3a0c71833cce143274bf6ef8e5eb
  WeakMapTable: 05c694ce8439a7a9ebabb56187287a63c57673d6

PODFILE CHECKSUM: 96e9a3386136fb53de6a6a8292054fe67d2cc96a

COCOAPODS: 1.11.2
